
Microsoft Visual Studio Solution File, Format Version 12.00
# Visual Studio Version 17
VisualStudioVersion = 17.4.33103.184
MinimumVisualStudioVersion = 10.0.40219.1
Project("{FAE04EC0-301F-11D3-BF4B-00C04F79EFBC}") = "SS1892.EPLPredictor", "SS1892.EPLPredictor.csproj", "{67E4328C-CE4F-4A9E-8F34-AAE2D26C6C1F}"
EndProject
Global
	GlobalSection(SolutionConfigurationPlatforms) = preSolution
		Debug|Any CPU = Debug|Any CPU
		Release|Any CPU = Release|Any CPU
	EndGlobalSection
	GlobalSection(ProjectConfigurationPlatforms) = postSolution
		{67E4328C-CE4F-4A9E-8F34-AAE2D26C6C1F}.Debug|Any CPU.ActiveCfg = Debug|Any CPU
		{67E4328C-CE4F-4A9E-8F34-AAE2D26C6C1F}.Debug|Any CPU.Build.0 = Debug|Any CPU
		{67E4328C-CE4F-4A9E-8F34-AAE2D26C6C1F}.Release|Any CPU.ActiveCfg = Release|Any CPU
		{67E4328C-CE4F-4A9E-8F34-AAE2D26C6C1F}.Release|Any CPU.Build.0 = Release|Any CPU
	EndGlobalSection
	GlobalSection(SolutionProperties) = preSolution
		HideSolutionNode = FALSE
	EndGlobalSection
	GlobalSection(ExtensibilityGlobals) = postSolution
		SolutionGuid = {03AE6D2E-37A9-46EF-A928-7C4C8AFD8BD2}
	EndGlobalSection
EndGlobal
